
Microsoft Visual Studio Solution File, Format Version 12.00
# Visual Studio 2012
Project("{FAE04EC0-301F-11D3-BF4B-00C04F79EFBC}") = "SFSO", "SFSO\SFSO.csproj", "{03488531-1546-4CF9-A871-274148FC2ED2}"
EndProject
Project("{FAE04EC0-301F-11D3-BF4B-00C04F79EFBC}") = "SFSO-E", "SFSO-E\SFSO-E.csproj", "{FF4EFCFA-3792-46E3-8A03-D11A161047DB}"
EndProject
Project("{FAE04EC0-301F-11D3-BF4B-00C04F79EFBC}") = "InternalLibrary", "InternalLibrary\InternalLibrary.csproj", "{3E124DC0-1FDE-401A-872B-5DF24B07A4AB}"
EndProject
Project("{FAE04EC0-301F-11D3-BF4B-00C04F79EFBC}") = "SFSOHelper", "SFSOHelper\SFSOHelper.csproj", "{BA883523-194A-43DE-9ABB-5B8C84B35DCC}"
EndProject
Global
	GlobalSection(SolutionConfigurationPlatforms) = preSolution
		Debug|Any CPU = Debug|Any CPU
		Release|Any CPU = Release|Any CPU
	EndGlobalSection
	GlobalSection(ProjectConfigurationPlatforms) = postSolution
		{03488531-1546-4CF9-A871-274148FC2ED2}.Debug|Any CPU.ActiveCfg = Debug|Any CPU
		{03488531-1546-4CF9-A871-274148FC2ED2}.Debug|Any CPU.Build.0 = Debug|Any CPU
		{03488531-1546-4CF9-A871-274148FC2ED2}.Release|Any CPU.ActiveCfg = Release|Any CPU
		{03488531-1546-4CF9-A871-274148FC2ED2}.Release|Any CPU.Build.0 = Release|Any CPU
		{FF4EFCFA-3792-46E3-8A03-D11A161047DB}.Debug|Any CPU.ActiveCfg = Debug|Any CPU
		{FF4EFCFA-3792-46E3-8A03-D11A161047DB}.Debug|Any CPU.Build.0 = Debug|Any CPU
		{FF4EFCFA-3792-46E3-8A03-D11A161047DB}.Release|Any CPU.ActiveCfg = Release|Any CPU
		{FF4EFCFA-3792-46E3-8A03-D11A161047DB}.Release|Any CPU.Build.0 = Release|Any CPU
		{3E124DC0-1FDE-401A-872B-5DF24B07A4AB}.Debug|Any CPU.ActiveCfg = Debug|Any CPU
		{3E124DC0-1FDE-401A-872B-5DF24B07A4AB}.Debug|Any CPU.Build.0 = Debug|Any CPU
		{3E124DC0-1FDE-401A-872B-5DF24B07A4AB}.Release|Any CPU.ActiveCfg = Release|Any CPU
		{3E124DC0-1FDE-401A-872B-5DF24B07A4AB}.Release|Any CPU.Build.0 = Release|Any CPU
		{BA883523-194A-43DE-9ABB-5B8C84B35DCC}.Debug|Any CPU.ActiveCfg = Debug|Any CPU
		{BA883523-194A-43DE-9ABB-5B8C84B35DCC}.Debug|Any CPU.Build.0 = Debug|Any CPU
		{BA883523-194A-43DE-9ABB-5B8C84B35DCC}.Release|Any CPU.ActiveCfg = Release|Any CPU
		{BA883523-194A-43DE-9ABB-5B8C84B35DCC}.Release|Any CPU.Build.0 = Release|Any CPU
	EndGlobalSection
	GlobalSection(SolutionProperties) = preSolution
		HideSolutionNode = FALSE
	EndGlobalSection
EndGlobal
